// !$*UTF8*$!
{
	archiveVersion = 1;
	classes = {
	};
	objectVersion = 46;
	objects = {

/* Begin PBXBuildFile section */
		16BA95420A7EB2EB001E4983 /* v002PacketCapturePlugIn.m in Sources */ = {isa = PBXBuildFile; fileRef = 16BA95410A7EB2EB001E4983 /* v002PacketCapturePlugIn.m */; };
		16BA96310A7EB9AC001E4983 /* Quartz.framework in Frameworks */ = {isa = PBXBuildFile; fileRef = 16BA96300A7EB9AC001E4983 /* Quartz.framework */; };
		1B225DE20FAEB4B000057B99 /* v002PacketCaptureHelperTool.m in Sources */ = {isa = PBXBuildFile; fileRef = 1B225DD20FAEB45300057B99 /* v002PacketCaptureHelperTool.m */; };
		1B225E020FAEB59200057B99 /* v002PacketCaptureHelperTool in CopyFiles */ = {isa = PBXBuildFile; fileRef = 1B225DDD0FAEB47400057B99 /* v002PacketCaptureHelperTool */; };
		1B2261CC0FB2A6FC00057B99 /* SystemConfiguration.framework in Frameworks */ = {isa = PBXBuildFile; fileRef = 1B2261CB0FB2A6FC00057B99 /* SystemConfiguration.framework */; };
		1B2F51CB1780E06D005F399A /* Security.framework in Frameworks */ = {isa = PBXBuildFile; fileRef = 1B2F51C71780E05C005F399A /* Security.framework */; };
		1B2F51CC1780E06D005F399A /* SecurityFoundation.framework in Frameworks */ = {isa = PBXBuildFile; fileRef = 1B2F51C81780E05C005F399A /* SecurityFoundation.framework */; };
		1B2F51CD1780E06D005F399A /* SystemConfiguration.framework in Frameworks */ = {isa = PBXBuildFile; fileRef = 1B2261CB0FB2A6FC00057B99 /* SystemConfiguration.framework */; };
		1B2F51CE1780E06D005F399A /* SecurityFoundation.framework in Frameworks */ = {isa = PBXBuildFile; fileRef = 1B8552B70E0C5A200022651C /* SecurityFoundation.framework */; };
		1B2F51CF1780E06D005F399A /* Quartz.framework in Frameworks */ = {isa = PBXBuildFile; fileRef = 16BA96300A7EB9AC001E4983 /* Quartz.framework */; };
		1B2F51D01780E06D005F399A /* Cocoa.framework in Frameworks */ = {isa = PBXBuildFile; fileRef = 1058C7ADFEA557BF11CA2CBB /* Cocoa.framework */; };
		1B2F51D41780E83E005F399A /* Security.framework in Frameworks */ = {isa = PBXBuildFile; fileRef = 1B2F51C71780E05C005F399A /* Security.framework */; };
		1B8552B80E0C5A200022651C /* SecurityFoundation.framework in Frameworks */ = {isa = PBXBuildFile; fileRef = 1B8552B70E0C5A200022651C /* SecurityFoundation.framework */; };
		1B9404050FB3990400336116 /* DistributedPacket.m in Sources */ = {isa = PBXBuildFile; fileRef = 1B9403CD0FB3973F00336116 /* DistributedPacket.m */; };
		1B94040A0FB3990B00336116 /* DistributedPacket.m in Sources */ = {isa = PBXBuildFile; fileRef = 1B9403CD0FB3973F00336116 /* DistributedPacket.m */; };
		8D5B49B4048680CD000E48DA /* Cocoa.framework in Frameworks */ = {isa = PBXBuildFile; fileRef = 1058C7ADFEA557BF11CA2CBB /* Cocoa.framework */; };
/* End PBXBuildFile section */

/* Begin PBXContainerItemProxy section */
		1B225DF30FAEB53700057B99 /* PBXContainerItemProxy */ = {
			isa = PBXContainerItemProxy;
			containerPortal = 089C1669FE841209C02AAC07 /* Project object */;
			proxyType = 1;
			remoteGlobalIDString = 1B225DDC0FAEB47400057B99;
			remoteInfo = v002PacketCaptureHelperTool;
		};
/* End PBXContainerItemProxy section */

/* Begin PBXCopyFilesBuildPhase section */
		1B225E030FAEB5B000057B99 /* CopyFiles */ = {
			isa = PBXCopyFilesBuildPhase;
			buildActionMask = 2147483647;
			dstPath = "";
			dstSubfolderSpec = 7;
			files = (
				1B225E020FAEB59200057B99 /* v002PacketCaptureHelperTool in CopyFiles */,
			);
			runOnlyForDeploymentPostprocessing = 0;
		};
/* End PBXCopyFilesBuildPhase section */

/* Begin PBXFileReference section */
		1058C7ADFEA557BF11CA2CBB /* Cocoa.framework */ = {isa = PBXFileReference; lastKnownFileType = wrapper.framework; name = Cocoa.framework; path = /System/Library/Frameworks/Cocoa.framework; sourceTree = "<absolute>"; };
		16AA5C440A7EEE7300888E31 /* v002PacketCapture_Prefix.pch */ = {isa = PBXFileReference; fileEncoding = 30; lastKnownFileType = sourcecode.c.h; path = v002PacketCapture_Prefix.pch; sourceTree = "<group>"; };
		16BA95400A7EB2EB001E4983 /* v002PacketCapturePlugIn.h */ = {isa = PBXFileReference; fileEncoding = 30; lastKnownFileType = sourcecode.c.h; path = v002PacketCapturePlugIn.h; sourceTree = "<group>"; };
		16BA95410A7EB2EB001E4983 /* v002PacketCapturePlugIn.m */ = {isa = PBXFileReference; fileEncoding = 30; lastKnownFileType = sourcecode.c.objc; path = v002PacketCapturePlugIn.m; sourceTree = "<group>"; };
		16BA96300A7EB9AC001E4983 /* Quartz.framework */ = {isa = PBXFileReference; lastKnownFileType = wrapper.framework; name = Quartz.framework; path = /System/Library/Frameworks/Quartz.framework; sourceTree = "<absolute>"; };
		1B225DD20FAEB45300057B99 /* v002PacketCaptureHelperTool.m */ = {isa = PBXFileReference; fileEncoding = 4; lastKnownFileType = sourcecode.c.objc; path = v002PacketCaptureHelperTool.m; sourceTree = "<group>"; };
		1B225DDD0FAEB47400057B99 /* v002PacketCaptureHelperTool */ = {isa = PBXFileReference; explicitFileType = "compiled.mach-o.executable"; includeInIndex = 0; path = v002PacketCaptureHelperTool; sourceTree = BUILT_PRODUCTS_DIR; };
		1B225EA60FB0A39100057B99 /* v002PacketCaptureProtocol.h */ = {isa = PBXFileReference; fileEncoding = 4; lastKnownFileType = sourcecode.c.h; path = v002PacketCaptureProtocol.h; sourceTree = "<group>"; };
		1B2261CB0FB2A6FC00057B99 /* SystemConfiguration.framework */ = {isa = PBXFileReference; lastKnownFileType = wrapper.framework; name = SystemConfiguration.framework; path = /System/Library/Frameworks/SystemConfiguration.framework; sourceTree = "<absolute>"; };
		1B2F51C71780E05C005F399A /* Security.framework */ = {isa = PBXFileReference; lastKnownFileType = wrapper.framework; name = Security.framework; path = Platforms/MacOSX.platform/Developer/SDKs/MacOSX10.8.sdk/System/Library/Frameworks/Security.framework; sourceTree = DEVELOPER_DIR; };
		1B2F51C81780E05C005F399A /* SecurityFoundation.framework */ = {isa = PBXFileReference; lastKnownFileType = wrapper.framework; name = SecurityFoundation.framework; path = Platforms/MacOSX.platform/Developer/SDKs/MacOSX10.8.sdk/System/Library/Frameworks/SecurityFoundation.framework; sourceTree = DEVELOPER_DIR; };
		1B8552B70E0C5A200022651C /* SecurityFoundation.framework */ = {isa = PBXFileReference; lastKnownFileType = wrapper.framework; name = SecurityFoundation.framework; path = /System/Library/Frameworks/SecurityFoundation.framework; sourceTree = "<absolute>"; };
		1B9402CB0FB3774D00336116 /* v002PacketCaptureHelperTool.h */ = {isa = PBXFileReference; fileEncoding = 4; lastKnownFileType = sourcecode.c.h; path = v002PacketCaptureHelperTool.h; sourceTree = "<group>"; };
		1B9402F10FB37C0000336116 /* HelperFunctions.h */ = {isa = PBXFileReference; fileEncoding = 4; lastKnownFileType = sourcecode.c.h; path = HelperFunctions.h; sourceTree = "<group>"; };
		1B9403CC0FB3973F00336116 /* DistributedPacket.h */ = {isa = PBXFileReference; fileEncoding = 4; lastKnownFileType = sourcecode.c.h; path = DistributedPacket.h; sourceTree = "<group>"; };
		1B9403CD0FB3973F00336116 /* DistributedPacket.m */ = {isa = PBXFileReference; fileEncoding = 4; lastKnownFileType = sourcecode.c.objc; path = DistributedPacket.m; sourceTree = "<group>"; };
		8D5B49B6048680CD000E48DA /* v002PacketCapture.plugin */ = {isa = PBXFileReference; explicitFileType = wrapper.cfbundle; includeInIndex = 0; path = v002PacketCapture.plugin; sourceTree = BUILT_PRODUCTS_DIR; };
		8D5B49B7048680CD000E48DA /* Info.plist */ = {isa = PBXFileReference; fileEncoding = 4; lastKnownFileType = text.plist.xml; path = Info.plist; sourceTree = "<group>"; };
/* End PBXFileReference section */

/* Begin PBXFrameworksBuildPhase section */
		1B225DDB0FAEB47400057B99 /* Frameworks */ = {
			isa = PBXFrameworksBuildPhase;
			buildActionMask = 2147483647;
			files = (
				1B2F51CB1780E06D005F399A /* Security.framework in Frameworks */,
				1B2F51CC1780E06D005F399A /* SecurityFoundation.framework in Frameworks */,
				1B2F51CD1780E06D005F399A /* SystemConfiguration.framework in Frameworks */,
				1B2F51CE1780E06D005F399A /* SecurityFoundation.framework in Frameworks */,
				1B2F51CF1780E06D005F399A /* Quartz.framework in Frameworks */,
				1B2F51D01780E06D005F399A /* Cocoa.framework in Frameworks */,
			);
			runOnlyForDeploymentPostprocessing = 0;
		};
		8D5B49B3048680CD000E48DA /* Frameworks */ = {
			isa = PBXFrameworksBuildPhase;
			buildActionMask = 2147483647;
			files = (
				1B2F51D41780E83E005F399A /* Security.framework in Frameworks */,
				8D5B49B4048680CD000E48DA /* Cocoa.framework in Frameworks */,
				16BA96310A7EB9AC001E4983 /* Quartz.framework in Frameworks */,
				1B8552B80E0C5A200022651C /* SecurityFoundation.framework in Frameworks */,
				1B2261CC0FB2A6FC00057B99 /* SystemConfiguration.framework in Frameworks */,
			);
			runOnlyForDeploymentPostprocessing = 0;
		};
/* End PBXFrameworksBuildPhase section */

/* Begin PBXGroup section */
		089C166AFE841209C02AAC07 /* Quartz Composer Plug In */ = {
			isa = PBXGroup;
			children = (
				08FB77AFFE84173DC02AAC07 /* Classes */,
				32C88E010371C26100C91783 /* Other Sources */,
				089C167CFE841241C02AAC07 /* Resources */,
				089C1671FE841209C02AAC07 /* Frameworks */,
				19C28FB8FE9D52D311CA2CBB /* Products */,
			);
			name = "Quartz Composer Plug In";
			sourceTree = "<group>";
		};
		089C1671FE841209C02AAC07 /* Frameworks */ = {
			isa = PBXGroup;
			children = (
				1B2F51C71780E05C005F399A /* Security.framework */,
				1B2F51C81780E05C005F399A /* SecurityFoundation.framework */,
				1B2261CB0FB2A6FC00057B99 /* SystemConfiguration.framework */,
				1B8552B70E0C5A200022651C /* SecurityFoundation.framework */,
				16BA96300A7EB9AC001E4983 /* Quartz.framework */,
				1058C7ADFEA557BF11CA2CBB /* Cocoa.framework */,
			);
			name = Frameworks;
			sourceTree = "<group>";
		};
		089C167CFE841241C02AAC07 /* Resources */ = {
			isa = PBXGroup;
			children = (
				8D5B49B7048680CD000E48DA /* Info.plist */,
			);
			name = Resources;
			sourceTree = "<group>";
		};
		08FB77AFFE84173DC02AAC07 /* Classes */ = {
			isa = PBXGroup;
			children = (
				1B9403CC0FB3973F00336116 /* DistributedPacket.h */,
				1B9403CD0FB3973F00336116 /* DistributedPacket.m */,
				1B225EA60FB0A39100057B99 /* v002PacketCaptureProtocol.h */,
				1B9402E00FB3797400336116 /* Helper Tool */,
				1B9402DD0FB3796800336116 /* Plugin */,
			);
			name = Classes;
			sourceTree = "<group>";
		};
		19C28FB8FE9D52D311CA2CBB /* Products */ = {
			isa = PBXGroup;
			children = (
				8D5B49B6048680CD000E48DA /* v002PacketCapture.plugin */,
				1B225DDD0FAEB47400057B99 /* v002PacketCaptureHelperTool */,
			);
			name = Products;
			sourceTree = "<group>";
		};
		1B9402DD0FB3796800336116 /* Plugin */ = {
			isa = PBXGroup;
			children = (
				16BA95400A7EB2EB001E4983 /* v002PacketCapturePlugIn.h */,
				16BA95410A7EB2EB001E4983 /* v002PacketCapturePlugIn.m */,
			);
			name = Plugin;
			sourceTree = "<group>";
		};
		1B9402E00FB3797400336116 /* Helper Tool */ = {
			isa = PBXGroup;
			children = (
				1B9402F10FB37C0000336116 /* HelperFunctions.h */,
				1B9402CB0FB3774D00336116 /* v002PacketCaptureHelperTool.h */,
				1B225DD20FAEB45300057B99 /* v002PacketCaptureHelperTool.m */,
			);
			name = "Helper Tool";
			sourceTree = "<group>";
		};
		32C88E010371C26100C91783 /* Other Sources */ = {
			isa = PBXGroup;
			children = (
				16AA5C440A7EEE7300888E31 /* v002PacketCapture_Prefix.pch */,
			);
			name = "Other Sources";
			sourceTree = "<group>";
		};
/* End PBXGroup section */

/* Begin PBXNativeTarget section */
		1B225DDC0FAEB47400057B99 /* v002PacketCaptureHelperTool */ = {
			isa = PBXNativeTarget;
			buildConfigurationList = 1B225DE10FAEB49300057B99 /* Build configuration list for PBXNativeTarget "v002PacketCaptureHelperTool" */;
			buildPhases = (
				1B225DDA0FAEB47400057B99 /* Sources */,
				1B225DDB0FAEB47400057B99 /* Frameworks */,
			);
			buildRules = (
			);
			dependencies = (
			);
			name = v002PacketCaptureHelperTool;
			productName = v002PacketCaptureHelperTool;
			productReference = 1B225DDD0FAEB47400057B99 /* v002PacketCaptureHelperTool */;
			productType = "com.apple.product-type.tool";
		};
		8D5B49AC048680CD000E48DA /* v002PacketCapture */ = {
			isa = PBXNativeTarget;
			buildConfigurationList = 1DEB913A08733D840010E9CD /* Build configuration list for PBXNativeTarget "v002PacketCapture" */;
			buildPhases = (
				8D5B49B1048680CD000E48DA /* Sources */,
				8D5B49B3048680CD000E48DA /* Frameworks */,
				1B225E030FAEB5B000057B99 /* CopyFiles */,
				1B2F51D11780E1BA005F399A /* ShellScript */,
			);
			buildRules = (
			);
			dependencies = (
				1B225DF40FAEB53700057B99 /* PBXTargetDependency */,
			);
			name = v002PacketCapture;
			productInstallPath = "$(HOME)/Library/Bundles";
			productName = "Quartz Composer Plug In";
			productReference = 8D5B49B6048680CD000E48DA /* v002PacketCapture.plugin */;
			productType = "com.apple.product-type.bundle";
		};
/* End PBXNativeTarget section */

/* Begin PBXProject section */
		089C1669FE841209C02AAC07 /* Project object */ = {
			isa = PBXProject;
			attributes = {
				LastUpgradeCheck = 0460;
			};
			buildConfigurationList = 1DEB913E08733D840010E9CD /* Build configuration list for PBXProject "v002PacketCapture" */;
			compatibilityVersion = "Xcode 3.2";
			developmentRegion = English;
			hasScannedForEncodings = 1;
			knownRegions = (
				en,
			);
			mainGroup = 089C166AFE841209C02AAC07 /* Quartz Composer Plug In */;
			projectDirPath = "";
			projectRoot = "";
			targets = (
				1B225DDC0FAEB47400057B99 /* v002PacketCaptureHelperTool */,
				8D5B49AC048680CD000E48DA /* v002PacketCapture */,
			);
		};
/* End PBXProject section */

/* Begin PBXShellScriptBuildPhase section */
		1B2F51D11780E1BA005F399A /* ShellScript */ = {
			isa = PBXShellScriptBuildPhase;
			buildActionMask = 2147483647;
			files = (
			);
			inputPaths = (
			);
			outputPaths = (
			);
			runOnlyForDeploymentPostprocessing = 0;
			shellPath = /bin/sh;
			shellScript = "# This shell script simply copies the built plug-in to \"~/Library/Graphics/Quartz Composer Plug-Ins\" and overrides any previous version at that location\n\nmkdir -p \"$USER_LIBRARY_DIR/Graphics/Quartz Composer Plug-Ins\"\nrm -rf \"$USER_LIBRARY_DIR/Graphics/Quartz Composer Plug-Ins/v002PacketCapture.plugin\"\ncp -rf \"$BUILT_PRODUCTS_DIR/v002PacketCapture.plugin\" \"$USER_LIBRARY_DIR/Graphics/Quartz Composer Plug-Ins/\"\n";
		};
/* End PBXShellScriptBuildPhase section */

/* Begin PBXSourcesBuildPhase section */
		1B225DDA0FAEB47400057B99 /* Sources */ = {
			isa = PBXSourcesBuildPhase;
			buildActionMask = 2147483647;
			files = (
				1B9404050FB3990400336116 /* DistributedPacket.m in Sources */,
				1B225DE20FAEB4B000057B99 /* v002PacketCaptureHelperTool.m in Sources */,
			);
			runOnlyForDeploymentPostprocessing = 0;
		};
		8D5B49B1048680CD000E48DA /* Sources */ = {
			isa = PBXSourcesBuildPhase;
			buildActionMask = 2147483647;
			files = (
				1B94040A0FB3990B00336116 /* DistributedPacket.m in Sources */,
				16BA95420A7EB2EB001E4983 /* v002PacketCapturePlugIn.m in Sources */,
			);
			runOnlyForDeploymentPostprocessing = 0;
		};
/* End PBXSourcesBuildPhase section */

/* Begin PBXTargetDependency section */
		1B225DF40FAEB53700057B99 /* PBXTargetDependency */ = {
			isa = PBXTargetDependency;
			target = 1B225DDC0FAEB47400057B99 /* v002PacketCaptureHelperTool */;
			targetProxy = 1B225DF30FAEB53700057B99 /* PBXContainerItemProxy */;
		};
/* End PBXTargetDependency section */

/* Begin XCBuildConfiguration section */
		1B225DDF0FAEB47500057B99 /* Debug */ = {
			isa = XCBuildConfiguration;
			buildSettings = {
				ALWAYS_SEARCH_USER_PATHS = NO;
				COPY_PHASE_STRIP = NO;
				GCC_DYNAMIC_NO_PIC = NO;
				GCC_MODEL_TUNING = G5;
				GCC_OPTIMIZATION_LEVEL = 0;
				GCC_PRECOMPILE_PREFIX_HEADER = YES;
				GCC_PREFIX_HEADER = "$(SYSTEM_LIBRARY_DIR)/Frameworks/AppKit.framework/Headers/AppKit.h";
				INSTALL_PATH = /usr/local/bin;
				OTHER_LDFLAGS = (
					"-framework",
					Foundation,
					"-framework",
					Appkit,
					"-l",
					pcap,
				);
				PRODUCT_NAME = v002PacketCaptureHelperTool;
				SDKROOT = macosx;
			};
			name = Debug;
		};
		1B225DE00FAEB47500057B99 /* Release */ = {
			isa = XCBuildConfiguration;
			buildSettings = {
				ALWAYS_SEARCH_USER_PATHS = NO;
				COPY_PHASE_STRIP = YES;
				DEBUG_INFORMATION_FORMAT = "dwarf-with-dsym";
				GCC_MODEL_TUNING = G5;
				GCC_PRECOMPILE_PREFIX_HEADER = YES;
				GCC_PREFIX_HEADER = "$(SYSTEM_LIBRARY_DIR)/Frameworks/AppKit.framework/Headers/AppKit.h";
				INSTALL_PATH = /usr/local/bin;
				OTHER_LDFLAGS = (
					"-framework",
					Foundation,
					"-framework",
					AppKit,
				);
				PRODUCT_NAME = v002PacketCaptureHelperTool;
				SDKROOT = macosx;
				ZERO_LINK = NO;
			};
			name = Release;
		};
		1DEB913B08733D840010E9CD /* Debug */ = {
			isa = XCBuildConfiguration;
			buildSettings = {
				COMBINE_HIDPI_IMAGES = YES;
				COPY_PHASE_STRIP = NO;
				GCC_DYNAMIC_NO_PIC = NO;
				GCC_ENABLE_OBJC_GC = supported;
				GCC_MODEL_TUNING = G5;
				GCC_OPTIMIZATION_LEVEL = 0;
				GCC_PRECOMPILE_PREFIX_HEADER = YES;
				GCC_PREFIX_HEADER = v002PacketCapture_Prefix.pch;
				INFOPLIST_FILE = Info.plist;
				INSTALL_PATH = "$(HOME)/Library/Graphics/Quartz Composer Plug-Ins";
				PRODUCT_NAME = v002PacketCapture;
				SDKROOT = macosx;
				WRAPPER_EXTENSION = plugin;
				ZERO_LINK = YES;
			};
			name = Debug;
		};
		1DEB913C08733D840010E9CD /* Release */ = {
			isa = XCBuildConfiguration;
			buildSettings = {
				COMBINE_HIDPI_IMAGES = YES;
				DEBUG_INFORMATION_FORMAT = "dwarf-with-dsym";
				GCC_ENABLE_OBJC_GC = supported;
				GCC_MODEL_TUNING = G5;
				GCC_PRECOMPILE_PREFIX_HEADER = YES;
				GCC_PREFIX_HEADER = v002PacketCapture_Prefix.pch;
				INFOPLIST_FILE = Info.plist;
				INSTALL_PATH = "$(HOME)/Library/Graphics/Quartz Composer Plug-Ins";
				PRODUCT_NAME = v002PacketCapture;
				SDKROOT = macosx;
				WRAPPER_EXTENSION = plugin;
			};
			name = Release;
		};
		1DEB913F08733D840010E9CD /* Debug */ = {
			isa = XCBuildConfiguration;
			buildSettings = {
				ARCHS = "$(ARCHS_STANDARD_32_64_BIT)";
				GCC_C_LANGUAGE_STANDARD = c99;
				GCC_WARN_ABOUT_RETURN_TYPE = YES;
				GCC_WARN_UNUSED_VARIABLE = YES;
				ONLY_ACTIVE_ARCH = YES;
				OTHER_LDFLAGS = (
					"-l",
					pcap,
				);
				SDKROOT = macosx;
				USER_HEADER_SEARCH_PATHS = "";
			};
			name = Debug;
		};
		1DEB914008733D840010E9CD /* Release */ = {
			isa = XCBuildConfiguration;
			buildSettings = {
				ARCHS = "$(ARCHS_STANDARD_32_64_BIT)";
				GCC_C_LANGUAGE_STANDARD = c99;
				GCC_WARN_ABOUT_RETURN_TYPE = YES;
				GCC_WARN_UNUSED_VARIABLE = YES;
				SDKROOT = macosx;
				USER_HEADER_SEARCH_PATHS = "";
			};
			name = Release;
		};
/* End XCBuildConfiguration section */

/* Begin XCConfigurationList section */
		1B225DE10FAEB49300057B99 /* Build configuration list for PBXNativeTarget "v002PacketCaptureHelperTool" */ = {
			isa = XCConfigurationList;
			buildConfigurations = (
				1B225DDF0FAEB47500057B99 /* Debug */,
				1B225DE00FAEB47500057B99 /* Release */,
			);
			defaultConfigurationIsVisible = 0;
			defaultConfigurationName = Release;
		};
		1DEB913A08733D840010E9CD /* Build configuration list for PBXNativeTarget "v002PacketCapture" */ = {
			isa = XCConfigurationList;
			buildConfigurations = (
				1DEB913B08733D840010E9CD /* Debug */,
				1DEB913C08733D840010E9CD /* Release */,
			);
			defaultConfigurationIsVisible = 0;
			defaultConfigurationName = Release;
		};
		1DEB913E08733D840010E9CD /* Build configuration list for PBXProject "v002PacketCapture" */ = {
			isa = XCConfigurationList;
			buildConfigurations = (
				1DEB913F08733D840010E9CD /* Debug */,
				1DEB914008733D840010E9CD /* Release */,
			);
			defaultConfigurationIsVisible = 0;
			defaultConfigurationName = Release;
		};
/* End XCConfigurationList section */
	};
	rootObject = 089C1669FE841209C02AAC07 /* Project object */;
}
